
Microsoft Visual Studio Solution File, Format Version 12.00
# Visual Studio Version 16
VisualStudioVersion = 16.0.31624.102
MinimumVisualStudioVersion = 10.0.40219.1
Project("{FAE04EC0-301F-11D3-BF4B-00C04F79EFBC}") = "Ex_Composition", "Ex_Composition\Ex_Composition.csproj", "{D9852569-0567-4A3E-B230-2FD75F3054D5}"
EndProject
Global
	GlobalSection(SolutionConfigurationPlatforms) = preSolution
		Debug|Any CPU = Debug|Any CPU
		Release|Any CPU = Release|Any CPU
	EndGlobalSection
	GlobalSection(ProjectConfigurationPlatforms) = postSolution
		{D9852569-0567-4A3E-B230-2FD75F3054D5}.Debug|Any CPU.ActiveCfg = Debug|Any CPU
		{D9852569-0567-4A3E-B230-2FD75F3054D5}.Debug|Any CPU.Build.0 = Debug|Any CPU
		{D9852569-0567-4A3E-B230-2FD75F3054D5}.Release|Any CPU.ActiveCfg = Release|Any CPU
		{D9852569-0567-4A3E-B230-2FD75F3054D5}.Release|Any CPU.Build.0 = Release|Any CPU
	EndGlobalSection
	GlobalSection(SolutionProperties) = preSolution
		HideSolutionNode = FALSE
	EndGlobalSection
	GlobalSection(ExtensibilityGlobals) = postSolution
		SolutionGuid = {3BD656CE-DD8D-4947-8377-663A9FD25F4A}
	EndGlobalSection
EndGlobal
